{
  "name": "threejs",
  "version": "1.0.0",
  "lockfileVersion": 1,
  "requires": true,
  "dependencies": {
    "@types/three": {
      "version": "0.103.2",
      "resolved": "https://registry.npmjs.org/@types/three/-/three-0.103.2.tgz",
      "integrity": "sha512-zhtf0Qs5wLJpIn1+VWCpzSgpKayj/GSWZ6woiuz09FW59KEDeLpnBkYz6lbblVpRmGdlnG8nd0unaASshOvcXw==",
      "requires": {
        "three": "*"
      }
    },
    "three": {
      "version": "0.137.1",
      "resolved": "https://registry.npmjs.org/three/-/three-0.137.1.tgz",
      "integrity": "sha512-GwoWu7jL0YEwtAPMt2MijplOeSslFYJgORGxkEE19aRd2fk53VQPKYwsA+Lj7M19dQl4AI6Knv+jUK8F0L67Tg=="
    }
  }
}
